
Microsoft Visual Studio Solution File, Format Version 12.00
# Visual Studio 15
VisualStudioVersion = 15.0.27004.2009
MinimumVisualStudioVersion = 10.0.40219.1
Project("{FAE04EC0-301F-11D3-BF4B-00C04F79EFBC}") = "Symphony", "Symphony\Symphony.csproj", "{E703F894-DDEB-4ADD-A72F-2955E24A35DD}"
EndProject
Global
	GlobalSection(SolutionConfigurationPlatforms) = preSolution
		Debug|Any CPU = Debug|Any CPU
		Release|Any CPU = Release|Any CPU
	EndGlobalSection
	GlobalSection(ProjectConfigurationPlatforms) = postSolution
		{E703F894-DDEB-4ADD-A72F-2955E24A35DD}.Debug|Any CPU.ActiveCfg = Debug|Any CPU
		{E703F894-DDEB-4ADD-A72F-2955E24A35DD}.Debug|Any CPU.Build.0 = Debug|Any CPU
		{E703F894-DDEB-4ADD-A72F-2955E24A35DD}.Release|Any CPU.ActiveCfg = Release|Any CPU
		{E703F894-DDEB-4ADD-A72F-2955E24A35DD}.Release|Any CPU.Build.0 = Release|Any CPU
	EndGlobalSection
	GlobalSection(SolutionProperties) = preSolution
		HideSolutionNode = FALSE
	EndGlobalSection
	GlobalSection(ExtensibilityGlobals) = postSolution
		SolutionGuid = {E4969AEC-6A5A-4A41-B962-8180934AD873}
	EndGlobalSection
EndGlobal
